version = 1
requires-python = ">=3.12"

[[package]]
name = "mpremote"
version = "1.25.0"
source = { registry = "https://pypi.org/simple" }
dependencies = [
    { name = "pyserial" },
]
sdist = { url = "https://files.pythonhosted.org/packages/86/1d/4a194eb385133349954cbf269e673e59e28b9510c7805e955da1cd32f4c6/mpremote-1.25.0.tar.gz", hash = "sha256:d0dcd8ab364d87270e1766308882e536e541052efd64aadaac83bc7ebbea2815", size = 29082 }
wheels = [
    { url = "https://files.pythonhosted.org/packages/ff/77/d43d7bf9aa637c7b2788c48fc4eb131a9bb4cb24568297453c2537fd621d/mpremote-1.25.0-py3-none-any.whl", hash = "sha256:42691ff8f7ea4b5f2fc1b51de99609995d383671a4b4d4daad8cbd486d26aa23", size = 33555 },
]

[[package]]
name = "picoreflow"
version = "0.1.0"
source = { virtual = "." }
dependencies = [
    { name = "mpremote" },
]

[package.metadata]
requires-dist = [{ name = "mpremote", specifier = ">=1.25.0" }]

[[package]]
name = "pyserial"
version = "3.5"
source = { registry = "https://pypi.org/simple" }
sdist = { url = "https://files.pythonhosted.org/packages/1e/7d/ae3f0a63f41e4d2f6cb66a5b57197850f919f59e558159a4dd3a818f5082/pyserial-3.5.tar.gz", hash = "sha256:3c77e014170dfffbd816e6ffc205e9842efb10be9f58ec16d3e8675b4925cddb", size = 159125 }
wheels = [
    { url = "https://files.pythonhosted.org/packages/07/bc/587a445451b253b285629263eb51c2d8e9bcea4fc97826266d186f96f558/pyserial-3.5-py2.py3-none-any.whl", hash = "sha256:c4451db6ba391ca6ca299fb3ec7bae67a5c55dde170964c7a14ceefec02f2cf0", size = 90585 },
]
